
Microsoft Visual Studio Solution File, Format Version 12.00
# Visual Studio Version 17
VisualStudioVersion = 17.11.35327.3
MinimumVisualStudioVersion = 10.0.40219.1
Project("{FAE04EC0-301F-11D3-BF4B-00C04F79EFBC}") = "Lexicon-Object-Constructors", "Lexicon-Object-Constructors\Lexicon-Object-Constructors.csproj", "{732C41AC-5396-45C3-B6E6-BEAAC9DFB3FF}"
EndProject
Global
	GlobalSection(SolutionConfigurationPlatforms) = preSolution
		Debug|Any CPU = Debug|Any CPU
		Release|Any CPU = Release|Any CPU
	EndGlobalSection
	GlobalSection(ProjectConfigurationPlatforms) = postSolution
		{732C41AC-5396-45C3-B6E6-BEAAC9DFB3FF}.Debug|Any CPU.ActiveCfg = Debug|Any CPU
		{732C41AC-5396-45C3-B6E6-BEAAC9DFB3FF}.Debug|Any CPU.Build.0 = Debug|Any CPU
		{732C41AC-5396-45C3-B6E6-BEAAC9DFB3FF}.Release|Any CPU.ActiveCfg = Release|Any CPU
		{732C41AC-5396-45C3-B6E6-BEAAC9DFB3FF}.Release|Any CPU.Build.0 = Release|Any CPU
	EndGlobalSection
	GlobalSection(SolutionProperties) = preSolution
		HideSolutionNode = FALSE
	EndGlobalSection
	GlobalSection(ExtensibilityGlobals) = postSolution
		SolutionGuid = {A539E2C0-8CBE-4FA3-8E0B-11A03C739606}
	EndGlobalSection
EndGlobal
